
Microsoft Visual Studio Solution File, Format Version 12.00
# Visual Studio Version 17
VisualStudioVersion = 17.2.32616.157
MinimumVisualStudioVersion = 10.0.40219.1
Project("{FAE04EC0-301F-11D3-BF4B-00C04F79EFBC}") = "C2_EJ_08", "C2_EJ_08\C2_EJ_08.csproj", "{3A8637BB-F9EC-4729-BC3F-D734E7695E96}"
EndProject
Global
	GlobalSection(SolutionConfigurationPlatforms) = preSolution
		Debug|Any CPU = Debug|Any CPU
		Release|Any CPU = Release|Any CPU
	EndGlobalSection
	GlobalSection(ProjectConfigurationPlatforms) = postSolution
		{3A8637BB-F9EC-4729-BC3F-D734E7695E96}.Debug|Any CPU.ActiveCfg = Debug|Any CPU
		{3A8637BB-F9EC-4729-BC3F-D734E7695E96}.Debug|Any CPU.Build.0 = Debug|Any CPU
		{3A8637BB-F9EC-4729-BC3F-D734E7695E96}.Release|Any CPU.ActiveCfg = Release|Any CPU
		{3A8637BB-F9EC-4729-BC3F-D734E7695E96}.Release|Any CPU.Build.0 = Release|Any CPU
	EndGlobalSection
	GlobalSection(SolutionProperties) = preSolution
		HideSolutionNode = FALSE
	EndGlobalSection
	GlobalSection(ExtensibilityGlobals) = postSolution
		SolutionGuid = {253A0A78-CEF0-4759-9E14-3D124C947D89}
	EndGlobalSection
EndGlobal
